
Microsoft Visual Studio Solution File, Format Version 12.00
# Visual Studio Version 16
VisualStudioVersion = 16.0.29806.167
MinimumVisualStudioVersion = 10.0.40219.1
Project("{9A19103F-16F7-4668-BE54-9A1E7A4F7556}") = "WebApplication", "WebApplication\WebApplication.csproj", "{2DEDADF6-D816-4020-A649-57F137D65277}"
EndProject
Project("{9A19103F-16F7-4668-BE54-9A1E7A4F7556}") = "VKontakte", "VKontakte\VKontakte.csproj", "{35184F89-50BE-4624-8166-323E54F98DCA}"
EndProject
Project("{2150E333-8FDC-42A3-9474-1A3956D46DE8}") = "Basics", "Basics", "{26A1ACB8-1013-4820-A852-657ADD7AEF42}"
EndProject
Project("{9A19103F-16F7-4668-BE54-9A1E7A4F7556}") = "WebApp.OrdersApi", "WebApp.OrdersApi\WebApp.OrdersApi.csproj", "{D6A2A79E-EBF6-43CA-907C-EA44EBEFA27E}"
EndProject
Project("{9A19103F-16F7-4668-BE54-9A1E7A4F7556}") = "WebApp.UsersApi", "WebApp.UsersApi\WebApp.UsersApi.csproj", "{C0CE9D33-4100-4A9D-B27D-3DB2CA70CED1}"
EndProject
Project("{9A19103F-16F7-4668-BE54-9A1E7A4F7556}") = "WebApp.IdentityServer", "WebApp.IdentityServer\WebApp.IdentityServer.csproj", "{2979D5BB-0BAD-4FA4-A25E-4793888FE503}"
EndProject
Project("{FAE04EC0-301F-11D3-BF4B-00C04F79EFBC}") = "WebApp.ClientMvc", "WebApp.ClientMvc\WebApp.ClientMvc.csproj", "{F4B22E31-9289-4EFD-962A-824AD6E6764C}"
EndProject
Global
	GlobalSection(SolutionConfigurationPlatforms) = preSolution
		Debug|Any CPU = Debug|Any CPU
		Release|Any CPU = Release|Any CPU
	EndGlobalSection
	GlobalSection(ProjectConfigurationPlatforms) = postSolution
		{2DEDADF6-D816-4020-A649-57F137D65277}.Debug|Any CPU.ActiveCfg = Debug|Any CPU
		{2DEDADF6-D816-4020-A649-57F137D65277}.Debug|Any CPU.Build.0 = Debug|Any CPU
		{2DEDADF6-D816-4020-A649-57F137D65277}.Release|Any CPU.ActiveCfg = Release|Any CPU
		{2DEDADF6-D816-4020-A649-57F137D65277}.Release|Any CPU.Build.0 = Release|Any CPU
		{35184F89-50BE-4624-8166-323E54F98DCA}.Debug|Any CPU.ActiveCfg = Debug|Any CPU
		{35184F89-50BE-4624-8166-323E54F98DCA}.Debug|Any CPU.Build.0 = Debug|Any CPU
		{35184F89-50BE-4624-8166-323E54F98DCA}.Release|Any CPU.ActiveCfg = Release|Any CPU
		{35184F89-50BE-4624-8166-323E54F98DCA}.Release|Any CPU.Build.0 = Release|Any CPU
		{D6A2A79E-EBF6-43CA-907C-EA44EBEFA27E}.Debug|Any CPU.ActiveCfg = Debug|Any CPU
		{D6A2A79E-EBF6-43CA-907C-EA44EBEFA27E}.Debug|Any CPU.Build.0 = Debug|Any CPU
		{D6A2A79E-EBF6-43CA-907C-EA44EBEFA27E}.Release|Any CPU.ActiveCfg = Release|Any CPU
		{D6A2A79E-EBF6-43CA-907C-EA44EBEFA27E}.Release|Any CPU.Build.0 = Release|Any CPU
		{C0CE9D33-4100-4A9D-B27D-3DB2CA70CED1}.Debug|Any CPU.ActiveCfg = Debug|Any CPU
		{C0CE9D33-4100-4A9D-B27D-3DB2CA70CED1}.Debug|Any CPU.Build.0 = Debug|Any CPU
		{C0CE9D33-4100-4A9D-B27D-3DB2CA70CED1}.Release|Any CPU.ActiveCfg = Release|Any CPU
		{C0CE9D33-4100-4A9D-B27D-3DB2CA70CED1}.Release|Any CPU.Build.0 = Release|Any CPU
		{2979D5BB-0BAD-4FA4-A25E-4793888FE503}.Debug|Any CPU.ActiveCfg = Debug|Any CPU
		{2979D5BB-0BAD-4FA4-A25E-4793888FE503}.Debug|Any CPU.Build.0 = Debug|Any CPU
		{2979D5BB-0BAD-4FA4-A25E-4793888FE503}.Release|Any CPU.ActiveCfg = Release|Any CPU
		{2979D5BB-0BAD-4FA4-A25E-4793888FE503}.Release|Any CPU.Build.0 = Release|Any CPU
		{F4B22E31-9289-4EFD-962A-824AD6E6764C}.Debug|Any CPU.ActiveCfg = Debug|Any CPU
		{F4B22E31-9289-4EFD-962A-824AD6E6764C}.Debug|Any CPU.Build.0 = Debug|Any CPU
		{F4B22E31-9289-4EFD-962A-824AD6E6764C}.Release|Any CPU.ActiveCfg = Release|Any CPU
		{F4B22E31-9289-4EFD-962A-824AD6E6764C}.Release|Any CPU.Build.0 = Release|Any CPU
	EndGlobalSection
	GlobalSection(SolutionProperties) = preSolution
		HideSolutionNode = FALSE
	EndGlobalSection
	GlobalSection(NestedProjects) = preSolution
		{2DEDADF6-D816-4020-A649-57F137D65277} = {26A1ACB8-1013-4820-A852-657ADD7AEF42}
		{35184F89-50BE-4624-8166-323E54F98DCA} = {26A1ACB8-1013-4820-A852-657ADD7AEF42}
	EndGlobalSection
	GlobalSection(ExtensibilityGlobals) = postSolution
		SolutionGuid = {220AA099-984C-4723-9B2F-B91C6C313941}
	EndGlobalSection
EndGlobal
